
Microsoft Visual Studio Solution File, Format Version 12.00
# Visual Studio Version 17
VisualStudioVersion = 17.0.31903.59
MinimumVisualStudioVersion = 10.0.40219.1
Project("{FAE04EC0-301F-11D3-BF4B-00C04F79EFBC}") = "DigiMoviezClone.Domain", "DigiMoviezClone.Domain\DigiMoviezClone.Domain.csproj", "{9823BA7D-763E-46C8-A088-253238CFDC94}"
EndProject
Project("{FAE04EC0-301F-11D3-BF4B-00C04F79EFBC}") = "DigiMoviezClone.Application", "DigiMoviezClone.Application\DigiMoviezClone.Application.csproj", "{F6728C61-343A-4EF4-B031-5D2996F0DF2E}"
EndProject
Project("{FAE04EC0-301F-11D3-BF4B-00C04F79EFBC}") = "DigiMoviezClone.Infrastructure", "DigiMoviezClone.Infrastructure\DigiMoviezClone.Infrastructure.csproj", "{BE2B4108-07A7-4E3D-85AD-75DFA4A6D524}"
EndProject
Project("{FAE04EC0-301F-11D3-BF4B-00C04F79EFBC}") = "DigiMoviezClone.API", "DigiMoviezClone.API\DigiMoviezClone.API.csproj", "{EDD56CF5-9CE3-4A8A-BF30-08E6CB8A2F50}"
EndProject
Project("{2150E333-8FDC-42A3-9474-1A3956D46DE8}") = "1-Domain", "1-Domain", "{9FF42C47-9DBB-45E8-8C40-2EC9847947BF}"
EndProject
Project("{2150E333-8FDC-42A3-9474-1A3956D46DE8}") = "2-Api", "2-Api", "{F0544AA6-4EB8-4A12-9FA6-4A8671104506}"
EndProject
Project("{2150E333-8FDC-42A3-9474-1A3956D46DE8}") = "3-Application", "3-Application", "{A523CA23-7532-4310-80A5-04CF28F2B54A}"
EndProject
Project("{2150E333-8FDC-42A3-9474-1A3956D46DE8}") = "4-Infrastructure", "4-Infrastructure", "{29F5604F-81EC-4295-A8F8-4E1865013BDA}"
EndProject
Global
	GlobalSection(SolutionConfigurationPlatforms) = preSolution
		Debug|Any CPU = Debug|Any CPU
		Release|Any CPU = Release|Any CPU
	EndGlobalSection
	GlobalSection(SolutionProperties) = preSolution
		HideSolutionNode = FALSE
	EndGlobalSection
	GlobalSection(ProjectConfigurationPlatforms) = postSolution
		{9823BA7D-763E-46C8-A088-253238CFDC94}.Debug|Any CPU.ActiveCfg = Debug|Any CPU
		{9823BA7D-763E-46C8-A088-253238CFDC94}.Debug|Any CPU.Build.0 = Debug|Any CPU
		{9823BA7D-763E-46C8-A088-253238CFDC94}.Release|Any CPU.ActiveCfg = Release|Any CPU
		{9823BA7D-763E-46C8-A088-253238CFDC94}.Release|Any CPU.Build.0 = Release|Any CPU
		{F6728C61-343A-4EF4-B031-5D2996F0DF2E}.Debug|Any CPU.ActiveCfg = Debug|Any CPU
		{F6728C61-343A-4EF4-B031-5D2996F0DF2E}.Debug|Any CPU.Build.0 = Debug|Any CPU
		{F6728C61-343A-4EF4-B031-5D2996F0DF2E}.Release|Any CPU.ActiveCfg = Release|Any CPU
		{F6728C61-343A-4EF4-B031-5D2996F0DF2E}.Release|Any CPU.Build.0 = Release|Any CPU
		{BE2B4108-07A7-4E3D-85AD-75DFA4A6D524}.Debug|Any CPU.ActiveCfg = Debug|Any CPU
		{BE2B4108-07A7-4E3D-85AD-75DFA4A6D524}.Debug|Any CPU.Build.0 = Debug|Any CPU
		{BE2B4108-07A7-4E3D-85AD-75DFA4A6D524}.Release|Any CPU.ActiveCfg = Release|Any CPU
		{BE2B4108-07A7-4E3D-85AD-75DFA4A6D524}.Release|Any CPU.Build.0 = Release|Any CPU
		{EDD56CF5-9CE3-4A8A-BF30-08E6CB8A2F50}.Debug|Any CPU.ActiveCfg = Debug|Any CPU
		{EDD56CF5-9CE3-4A8A-BF30-08E6CB8A2F50}.Debug|Any CPU.Build.0 = Debug|Any CPU
		{EDD56CF5-9CE3-4A8A-BF30-08E6CB8A2F50}.Release|Any CPU.ActiveCfg = Release|Any CPU
		{EDD56CF5-9CE3-4A8A-BF30-08E6CB8A2F50}.Release|Any CPU.Build.0 = Release|Any CPU
	EndGlobalSection
	GlobalSection(NestedProjects) = preSolution
		{9823BA7D-763E-46C8-A088-253238CFDC94} = {9FF42C47-9DBB-45E8-8C40-2EC9847947BF}
		{EDD56CF5-9CE3-4A8A-BF30-08E6CB8A2F50} = {F0544AA6-4EB8-4A12-9FA6-4A8671104506}
		{F6728C61-343A-4EF4-B031-5D2996F0DF2E} = {A523CA23-7532-4310-80A5-04CF28F2B54A}
		{BE2B4108-07A7-4E3D-85AD-75DFA4A6D524} = {29F5604F-81EC-4295-A8F8-4E1865013BDA}
	EndGlobalSection
EndGlobal
